{
    "name": "dodoloader-ne",
    "version": "1.0.0",
    "lockfileVersion": 3,
    "requires": true,
    "packages": {
        "": {
            "name": "dodoloader-ne",
            "version": "1.0.0",
            "license": "ISC",
            "dependencies": {
                "babylon": "^6.18.0",
                "cannon": "^0.6.2",
                "esbuild": "^0.21.5",
                "i": "^0.3.7",
                "jquery": "^3.7.1",
                "nanoid": "^3.3.7",
                "picocolors": "^1.0.1",
                "postcss": "^8.4.41",
                "rollup": "^4.20.0",
                "source-map-js": "^1.2.0",
                "typescript": "^5.5.4"
            },
            "devDependencies": {
                "@babylonjs/core": "^7.11.1",
                "es-module-loader": "^2.3.0",
                "typescript": "^5.2.2",
                "vite": "^5.4.0"
            }
        },
        "node_modules/@babylonjs/core": {
            "version": "7.20.1",
            "resolved": "https://registry.npmjs.org/@babylonjs/core/-/core-7.20.1.tgz",
            "integrity": "sha512-gVsU460ZXH0Xb40t9Y8PkZhJ6ZQlAqHPG8vP8/mEuiURFm64v78s+IXG/hb/GQT1Wm5IJcX8MvG0+WWbO2xLbQ==",
            "dev": true
        },
        "node_modules/@esbuild/linux-x64": {
            "version": "0.21.5",
            "resolved": "https://registry.npmjs.org/@esbuild/linux-x64/-/linux-x64-0.21.5.tgz",
            "integrity": "sha512-1rYdTpyv03iycF1+BhzrzQJCdOuAOtaqHTWJZCWvijKD2N5Xu0TtVC8/+1faWqcP9iBCWOmjmhoH94dH82BxPQ==",
            "cpu": [
                "x64"
            ],
            "optional": true,
            "os": [
                "linux"
            ],
            "engines": {
                "node": ">=12"
            }
        },
        "node_modules/@rollup/rollup-linux-x64-gnu": {
            "version": "4.20.0",
            "resolved": "https://registry.npmjs.org/@rollup/rollup-linux-x64-gnu/-/rollup-linux-x64-gnu-4.20.0.tgz",
            "integrity": "sha512-y+eoL2I3iphUg9tN9GB6ku1FA8kOfmF4oUEWhztDJ4KXJy1agk/9+pejOuZkNFhRwHAOxMsBPLbXPd6mJiCwew==",
            "cpu": [
                "x64"
            ],
            "optional": true,
            "os": [
                "linux"
            ]
        },
        "node_modules/@rollup/rollup-linux-x64-musl": {
            "version": "4.20.0",
            "resolved": "https://registry.npmjs.org/@rollup/rollup-linux-x64-musl/-/rollup-linux-x64-musl-4.20.0.tgz",
            "integrity": "sha512-hM3nhW40kBNYUkZb/r9k2FKK+/MnKglX7UYd4ZUy5DJs8/sMsIbqWK2piZtVGE3kcXVNj3B2IrUYROJMMCikNg==",
            "cpu": [
                "x64"
            ],
            "optional": true,
            "os": [
                "linux"
            ]
        },
        "node_modules/@types/estree": {
            "version": "1.0.5",
            "resolved": "https://registry.npmjs.org/@types/estree/-/estree-1.0.5.tgz",
            "integrity": "sha512-/kYRxGDLWzHOB7q+wtSUQlFrtcdUccpfy+X+9iMBpHK8QLLhx2wIPYuS5DYtR9Wa/YlZAbIovy7qVdB1Aq6Lyw=="
        },
        "node_modules/babylon": {
            "version": "6.18.0",
            "resolved": "https://registry.npmjs.org/babylon/-/babylon-6.18.0.tgz",
            "integrity": "sha512-q/UEjfGJ2Cm3oKV71DJz9d25TPnq5rhBVL2Q4fA5wcC3jcrdn7+SssEybFIxwAvvP+YCsCYNKughoF33GxgycQ==",
            "bin": {
                "babylon": "bin/babylon.js"
            }
        },
        "node_modules/cannon": {
            "version": "0.6.2",
            "resolved": "https://registry.npmjs.org/cannon/-/cannon-0.6.2.tgz",
            "integrity": "sha512-n/7wWSXr8KOSvjad2x0fJHgpMepKjOKi+NdSnjfYyijoDBZnp4JQKgPcpv28jlXoWM+N9zVYU09J0A6Qxx+Y7w==",
            "engines": {
                "node": "*"
            }
        },
        "node_modules/es-module-loader": {
            "version": "2.3.0",
            "resolved": "https://registry.npmjs.org/es-module-loader/-/es-module-loader-2.3.0.tgz",
            "integrity": "sha512-iuw5FdVMYA5d7CWCpGL3NcmRD2kWLGTNUds+vdcRuDWjnEsird1K7pSD9PXmvOU/B8sb4by12/9MFZD2hwXdAQ==",
            "dev": true
        },
        "node_modules/esbuild": {
            "version": "0.21.5",
            "resolved": "https://registry.npmjs.org/esbuild/-/esbuild-0.21.5.tgz",
            "integrity": "sha512-mg3OPMV4hXywwpoDxu3Qda5xCKQi+vCTZq8S9J/EpkhB2HzKXq4SNFZE3+NK93JYxc8VMSep+lOUSC/RVKaBqw==",
            "hasInstallScript": true,
            "bin": {
                "esbuild": "bin/esbuild"
            },
            "engines": {
                "node": ">=12"
            },
            "optionalDependencies": {
                "@esbuild/aix-ppc64": "0.21.5",
                "@esbuild/android-arm": "0.21.5",
                "@esbuild/android-arm64": "0.21.5",
                "@esbuild/android-x64": "0.21.5",
                "@esbuild/darwin-arm64": "0.21.5",
                "@esbuild/darwin-x64": "0.21.5",
                "@esbuild/freebsd-arm64": "0.21.5",
                "@esbuild/freebsd-x64": "0.21.5",
                "@esbuild/linux-arm": "0.21.5",
                "@esbuild/linux-arm64": "0.21.5",
                "@esbuild/linux-ia32": "0.21.5",
                "@esbuild/linux-loong64": "0.21.5",
                "@esbuild/linux-mips64el": "0.21.5",
                "@esbuild/linux-ppc64": "0.21.5",
                "@esbuild/linux-riscv64": "0.21.5",
                "@esbuild/linux-s390x": "0.21.5",
                "@esbuild/linux-x64": "0.21.5",
                "@esbuild/netbsd-x64": "0.21.5",
                "@esbuild/openbsd-x64": "0.21.5",
                "@esbuild/sunos-x64": "0.21.5",
                "@esbuild/win32-arm64": "0.21.5",
                "@esbuild/win32-ia32": "0.21.5",
                "@esbuild/win32-x64": "0.21.5"
            }
        },
        "node_modules/fsevents": {
            "version": "2.3.3",
            "resolved": "https://registry.npmjs.org/fsevents/-/fsevents-2.3.3.tgz",
            "integrity": "sha512-5xoDfX+fL7faATnagmWPpbFtwh/R77WmMMqqHGS65C3vvB0YHrgF+B1YmZ3441tMj5n63k0212XNoJwzlhffQw==",
            "hasInstallScript": true,
            "optional": true,
            "os": [
                "darwin"
            ],
            "engines": {
                "node": "^8.16.0 || ^10.6.0 || >=11.0.0"
            }
        },
        "node_modules/i": {
            "version": "0.3.7",
            "resolved": "https://registry.npmjs.org/i/-/i-0.3.7.tgz",
            "integrity": "sha512-FYz4wlXgkQwIPqhzC5TdNMLSE5+GS1IIDJZY/1ZiEPCT2S3COUVZeT5OW4BmW4r5LHLQuOosSwsvnroG9GR59Q==",
            "engines": {
                "node": ">=0.4"
            }
        },
        "node_modules/jquery": {
            "version": "3.7.1",
            "resolved": "https://registry.npmjs.org/jquery/-/jquery-3.7.1.tgz",
            "integrity": "sha512-m4avr8yL8kmFN8psrbFFFmB/If14iN5o9nw/NgnnM+kybDJpRsAynV2BsfpTYrTRysYUdADVD7CkUUizgkpLfg=="
        },
        "node_modules/nanoid": {
            "version": "3.3.7",
            "resolved": "https://registry.npmjs.org/nanoid/-/nanoid-3.3.7.tgz",
            "integrity": "sha512-eSRppjcPIatRIMC1U6UngP8XFcz8MQWGQdt1MTBQ7NaAmvXDfvNxbvWV3x2y6CdEUciCSsDHDQZbhYaB8QEo2g==",
            "funding": [
                {
                    "type": "github",
                    "url": "https://github.com/sponsors/ai"
                }
            ],
            "bin": {
                "nanoid": "bin/nanoid.cjs"
            },
            "engines": {
                "node": "^10 || ^12 || ^13.7 || ^14 || >=15.0.1"
            }
        },
        "node_modules/picocolors": {
            "version": "1.0.1",
            "resolved": "https://registry.npmjs.org/picocolors/-/picocolors-1.0.1.tgz",
            "integrity": "sha512-anP1Z8qwhkbmu7MFP5iTt+wQKXgwzf7zTyGlcdzabySa9vd0Xt392U0rVmz9poOaBj0uHJKyyo9/upk0HrEQew=="
        },
        "node_modules/postcss": {
            "version": "8.4.41",
            "resolved": "https://registry.npmjs.org/postcss/-/postcss-8.4.41.tgz",
            "integrity": "sha512-TesUflQ0WKZqAvg52PWL6kHgLKP6xB6heTOdoYM0Wt2UHyxNa4K25EZZMgKns3BH1RLVbZCREPpLY0rhnNoHVQ==",
            "funding": [
                {
                    "type": "opencollective",
                    "url": "https://opencollective.com/postcss/"
                },
                {
                    "type": "tidelift",
                    "url": "https://tidelift.com/funding/github/npm/postcss"
                },
                {
                    "type": "github",
                    "url": "https://github.com/sponsors/ai"
                }
            ],
            "dependencies": {
                "nanoid": "^3.3.7",
                "picocolors": "^1.0.1",
                "source-map-js": "^1.2.0"
            },
            "engines": {
                "node": "^10 || ^12 || >=14"
            }
        },
        "node_modules/rollup": {
            "version": "4.20.0",
            "resolved": "https://registry.npmjs.org/rollup/-/rollup-4.20.0.tgz",
            "integrity": "sha512-6rbWBChcnSGzIlXeIdNIZTopKYad8ZG8ajhl78lGRLsI2rX8IkaotQhVas2Ma+GPxJav19wrSzvRvuiv0YKzWw==",
            "dependencies": {
                "@types/estree": "1.0.5"
            },
            "bin": {
                "rollup": "dist/bin/rollup"
            },
            "engines": {
                "node": ">=18.0.0",
                "npm": ">=8.0.0"
            },
            "optionalDependencies": {
                "@rollup/rollup-android-arm-eabi": "4.20.0",
                "@rollup/rollup-android-arm64": "4.20.0",
                "@rollup/rollup-darwin-arm64": "4.20.0",
                "@rollup/rollup-darwin-x64": "4.20.0",
                "@rollup/rollup-linux-arm-gnueabihf": "4.20.0",
                "@rollup/rollup-linux-arm-musleabihf": "4.20.0",
                "@rollup/rollup-linux-arm64-gnu": "4.20.0",
                "@rollup/rollup-linux-arm64-musl": "4.20.0",
                "@rollup/rollup-linux-powerpc64le-gnu": "4.20.0",
                "@rollup/rollup-linux-riscv64-gnu": "4.20.0",
                "@rollup/rollup-linux-s390x-gnu": "4.20.0",
                "@rollup/rollup-linux-x64-gnu": "4.20.0",
                "@rollup/rollup-linux-x64-musl": "4.20.0",
                "@rollup/rollup-win32-arm64-msvc": "4.20.0",
                "@rollup/rollup-win32-ia32-msvc": "4.20.0",
                "@rollup/rollup-win32-x64-msvc": "4.20.0",
                "fsevents": "~2.3.2"
            }
        },
        "node_modules/source-map-js": {
            "version": "1.2.0",
            "resolved": "https://registry.npmjs.org/source-map-js/-/source-map-js-1.2.0.tgz",
            "integrity": "sha512-itJW8lvSA0TXEphiRoawsCksnlf8SyvmFzIhltqAHluXd88pkCd+cXJVHTDwdCr0IzwptSm035IHQktUu1QUMg==",
            "engines": {
                "node": ">=0.10.0"
            }
        },
        "node_modules/typescript": {
            "version": "5.5.4",
            "resolved": "https://registry.npmjs.org/typescript/-/typescript-5.5.4.tgz",
            "integrity": "sha512-Mtq29sKDAEYP7aljRgtPOpTvOfbwRWlS6dPRzwjdE+C0R4brX/GUyhHSecbHMFLNBLcJIPt9nl9yG5TZ1weH+Q==",
            "dev": true,
            "bin": {
                "tsc": "bin/tsc",
                "tsserver": "bin/tsserver"
            },
            "engines": {
                "node": ">=14.17"
            }
        },
        "node_modules/vite": {
            "version": "5.4.0",
            "resolved": "https://registry.npmjs.org/vite/-/vite-5.4.0.tgz",
            "integrity": "sha512-5xokfMX0PIiwCMCMb9ZJcMyh5wbBun0zUzKib+L65vAZ8GY9ePZMXxFrHbr/Kyll2+LSCY7xtERPpxkBDKngwg==",
            "dev": true,
            "dependencies": {
                "esbuild": "^0.21.3",
                "postcss": "^8.4.40",
                "rollup": "^4.13.0"
            },
            "bin": {
                "vite": "bin/vite.js"
            },
            "engines": {
                "node": "^18.0.0 || >=20.0.0"
            },
            "funding": {
                "url": "https://github.com/vitejs/vite?sponsor=1"
            },
            "optionalDependencies": {
                "fsevents": "~2.3.3"
            },
            "peerDependencies": {
                "@types/node": "^18.0.0 || >=20.0.0",
                "less": "*",
                "lightningcss": "^1.21.0",
                "sass": "*",
                "sass-embedded": "*",
                "stylus": "*",
                "sugarss": "*",
                "terser": "^5.4.0"
            },
            "peerDependenciesMeta": {
                "@types/node": {
                    "optional": true
                },
                "less": {
                    "optional": true
                },
                "lightningcss": {
                    "optional": true
                },
                "sass": {
                    "optional": true
                },
                "sass-embedded": {
                    "optional": true
                },
                "stylus": {
                    "optional": true
                },
                "sugarss": {
                    "optional": true
                },
                "terser": {
                    "optional": true
                }
            }
        }
    }
}
