{
    "name": "dodoloader-ne",
    "version": "1.0.0",
    "lockfileVersion": 3,
    "requires": true,
    "packages": {
        "": {
            "name": "dodoloader-ne",
            "version": "1.0.0",
            "license": "ISC",
            "dependencies": {
                "@babylonjs/havok": "^1.3.8",
                "@babylonjs/loaders": "^7.21.4",
                "babylon": "^6.18.0",
                "cannon": "^0.6.2",
                "esbuild": "^0.21.5",
                "i": "^0.3.7",
                "jquery": "^3.7.1",
                "nanoid": "^3.3.7",
                "picocolors": "^1.0.1",
                "postcss": "^8.4.41",
                "rollup": "^4.20.0",
                "source-map-js": "^1.2.0",
                "typescript": "^5.5.4"
            },
            "devDependencies": {
                "@babylonjs/core": "^7.21.4",
                "es-module-loader": "^2.3.0",
                "typescript": "^5.2.2",
                "vite": "^5.4.0"
            }
        },
        "node_modules/@babylonjs/core": {
            "version": "7.21.4",
            "resolved": "https://registry.npmjs.org/@babylonjs/core/-/core-7.21.4.tgz",
            "integrity": "sha512-9VUxMhseAB1/QafCsq06CDnCm3OxR7+YTgTXQ4PA1z+KtXQ9MkSTlU82o9hDfCkXRhtOUg++NtZO42V2gnd23g=="
        },
        "node_modules/@babylonjs/havok": {
            "version": "1.3.8",
            "resolved": "https://registry.npmjs.org/@babylonjs/havok/-/havok-1.3.8.tgz",
            "integrity": "sha512-FD6fWe4q5Hu4j9ykoDWQxY2Yw//ftxIaULYhVwq2mYGR4YjSsE1hXCt4IjukJGo/SMgp4ZOoJjZysSPxGJwAWg==",
            "dependencies": {
                "@types/emscripten": "^1.39.6"
            }
        },
        "node_modules/@babylonjs/loaders": {
            "version": "7.21.4",
            "resolved": "https://registry.npmjs.org/@babylonjs/loaders/-/loaders-7.21.4.tgz",
            "integrity": "sha512-98SkWuiN/cdtVzEivBWzqb6XaXROdmXJLTIMUcZB7rUoBZKxZYCYHBTuxgF/c3apjOODvggVRpNdUyNMYvM8Gw==",
            "peerDependencies": {
                "@babylonjs/core": "^7.0.0",
                "babylonjs-gltf2interface": "^7.0.0"
            }
        },
        "node_modules/@esbuild/linux-x64": {
            "version": "0.21.5",
            "resolved": "https://registry.npmjs.org/@esbuild/linux-x64/-/linux-x64-0.21.5.tgz",
            "integrity": "sha512-1rYdTpyv03iycF1+BhzrzQJCdOuAOtaqHTWJZCWvijKD2N5Xu0TtVC8/+1faWqcP9iBCWOmjmhoH94dH82BxPQ==",
            "cpu": [
                "x64"
            ],
            "optional": true,
            "os": [
                "linux"
            ],
            "engines": {
                "node": ">=12"
            }
        },
        "node_modules/@jridgewell/gen-mapping": {
            "version": "0.3.5",
            "resolved": "https://registry.npmjs.org/@jridgewell/gen-mapping/-/gen-mapping-0.3.5.tgz",
            "integrity": "sha512-IzL8ZoEDIBRWEzlCcRhOaCupYyN5gdIK+Q6fbFdPDg6HqX6jpkItn7DFIpW9LQzXG6Df9sA7+OKnq0qlz/GaQg==",
            "dev": true,
            "optional": true,
            "peer": true,
            "dependencies": {
                "@jridgewell/set-array": "^1.2.1",
                "@jridgewell/sourcemap-codec": "^1.4.10",
                "@jridgewell/trace-mapping": "^0.3.24"
            },
            "engines": {
                "node": ">=6.0.0"
            }
        },
        "node_modules/@jridgewell/resolve-uri": {
            "version": "3.1.2",
            "resolved": "https://registry.npmjs.org/@jridgewell/resolve-uri/-/resolve-uri-3.1.2.tgz",
            "integrity": "sha512-bRISgCIjP20/tbWSPWMEi54QVPRZExkuD9lJL+UIxUKtwVJA8wW1Trb1jMs1RFXo1CBTNZ/5hpC9QvmKWdopKw==",
            "dev": true,
            "optional": true,
            "peer": true,
            "engines": {
                "node": ">=6.0.0"
            }
        },
        "node_modules/@jridgewell/set-array": {
            "version": "1.2.1",
            "resolved": "https://registry.npmjs.org/@jridgewell/set-array/-/set-array-1.2.1.tgz",
            "integrity": "sha512-R8gLRTZeyp03ymzP/6Lil/28tGeGEzhx1q2k703KGWRAI1VdvPIXdG70VJc2pAMw3NA6JKL5hhFu1sJX0Mnn/A==",
            "dev": true,
            "optional": true,
            "peer": true,
            "engines": {
                "node": ">=6.0.0"
            }
        },
        "node_modules/@jridgewell/source-map": {
            "version": "0.3.6",
            "resolved": "https://registry.npmjs.org/@jridgewell/source-map/-/source-map-0.3.6.tgz",
            "integrity": "sha512-1ZJTZebgqllO79ue2bm3rIGud/bOe0pP5BjSRCRxxYkEZS8STV7zN84UBbiYu7jy+eCKSnVIUgoWWE/tt+shMQ==",
            "dev": true,
            "optional": true,
            "peer": true,
            "dependencies": {
                "@jridgewell/gen-mapping": "^0.3.5",
                "@jridgewell/trace-mapping": "^0.3.25"
            }
        },
        "node_modules/@jridgewell/sourcemap-codec": {
            "version": "1.5.0",
            "resolved": "https://registry.npmjs.org/@jridgewell/sourcemap-codec/-/sourcemap-codec-1.5.0.tgz",
            "integrity": "sha512-gv3ZRaISU3fjPAgNsriBRqGWQL6quFx04YMPW/zD8XMLsU32mhCCbfbO6KZFLjvYpCZ8zyDEgqsgf+PwPaM7GQ==",
            "dev": true,
            "optional": true,
            "peer": true
        },
        "node_modules/@jridgewell/trace-mapping": {
            "version": "0.3.25",
            "resolved": "https://registry.npmjs.org/@jridgewell/trace-mapping/-/trace-mapping-0.3.25.tgz",
            "integrity": "sha512-vNk6aEwybGtawWmy/PzwnGDOjCkLWSD2wqvjGGAgOAwCGWySYXfYoxt00IJkTF+8Lb57DwOb3Aa0o9CApepiYQ==",
            "dev": true,
            "optional": true,
            "peer": true,
            "dependencies": {
                "@jridgewell/resolve-uri": "^3.1.0",
                "@jridgewell/sourcemap-codec": "^1.4.14"
            }
        },
        "node_modules/@rollup/rollup-linux-x64-gnu": {
            "version": "4.20.0",
            "resolved": "https://registry.npmjs.org/@rollup/rollup-linux-x64-gnu/-/rollup-linux-x64-gnu-4.20.0.tgz",
            "integrity": "sha512-y+eoL2I3iphUg9tN9GB6ku1FA8kOfmF4oUEWhztDJ4KXJy1agk/9+pejOuZkNFhRwHAOxMsBPLbXPd6mJiCwew==",
            "cpu": [
                "x64"
            ],
            "optional": true,
            "os": [
                "linux"
            ]
        },
        "node_modules/@rollup/rollup-linux-x64-musl": {
            "version": "4.20.0",
            "resolved": "https://registry.npmjs.org/@rollup/rollup-linux-x64-musl/-/rollup-linux-x64-musl-4.20.0.tgz",
            "integrity": "sha512-hM3nhW40kBNYUkZb/r9k2FKK+/MnKglX7UYd4ZUy5DJs8/sMsIbqWK2piZtVGE3kcXVNj3B2IrUYROJMMCikNg==",
            "cpu": [
                "x64"
            ],
            "optional": true,
            "os": [
                "linux"
            ]
        },
        "node_modules/@types/emscripten": {
            "version": "1.39.13",
            "resolved": "https://registry.npmjs.org/@types/emscripten/-/emscripten-1.39.13.tgz",
            "integrity": "sha512-cFq+fO/isvhvmuP/+Sl4K4jtU6E23DoivtbO4r50e3odaxAiVdbfSYRDdJ4gCdxx+3aRjhphS5ZMwIH4hFy/Cw=="
        },
        "node_modules/@types/estree": {
            "version": "1.0.5",
            "resolved": "https://registry.npmjs.org/@types/estree/-/estree-1.0.5.tgz",
            "integrity": "sha512-/kYRxGDLWzHOB7q+wtSUQlFrtcdUccpfy+X+9iMBpHK8QLLhx2wIPYuS5DYtR9Wa/YlZAbIovy7qVdB1Aq6Lyw=="
        },
        "node_modules/@types/node": {
            "version": "22.2.0",
            "resolved": "https://registry.npmjs.org/@types/node/-/node-22.2.0.tgz",
            "integrity": "sha512-bm6EG6/pCpkxDf/0gDNDdtDILMOHgaQBVOJGdwsqClnxA3xL6jtMv76rLBc006RVMWbmaf0xbmom4Z/5o2nRkQ==",
            "dev": true,
            "optional": true,
            "peer": true,
            "dependencies": {
                "undici-types": "~6.13.0"
            }
        },
        "node_modules/acorn": {
            "version": "8.12.1",
            "resolved": "https://registry.npmjs.org/acorn/-/acorn-8.12.1.tgz",
            "integrity": "sha512-tcpGyI9zbizT9JbV6oYE477V6mTlXvvi0T0G3SNIYE2apm/G5huBa1+K89VGeovbg+jycCrfhl3ADxErOuO6Jg==",
            "dev": true,
            "optional": true,
            "peer": true,
            "bin": {
                "acorn": "bin/acorn"
            },
            "engines": {
                "node": ">=0.4.0"
            }
        },
        "node_modules/babylon": {
            "version": "6.18.0",
            "resolved": "https://registry.npmjs.org/babylon/-/babylon-6.18.0.tgz",
            "integrity": "sha512-q/UEjfGJ2Cm3oKV71DJz9d25TPnq5rhBVL2Q4fA5wcC3jcrdn7+SssEybFIxwAvvP+YCsCYNKughoF33GxgycQ==",
            "bin": {
                "babylon": "bin/babylon.js"
            }
        },
        "node_modules/babylonjs-gltf2interface": {
            "version": "7.21.4",
            "resolved": "https://registry.npmjs.org/babylonjs-gltf2interface/-/babylonjs-gltf2interface-7.21.4.tgz",
            "integrity": "sha512-y5NXWPpx9ZfWtxcY5xYNLXevI65jEsYA6qP4k3YzgZhkFu5kb7OIiEYU9Bk/A0MVteaaKOiBx6/SAoHaXkpcEw==",
            "peer": true
        },
        "node_modules/buffer-from": {
            "version": "1.1.2",
            "resolved": "https://registry.npmjs.org/buffer-from/-/buffer-from-1.1.2.tgz",
            "integrity": "sha512-E+XQCRwSbaaiChtv6k6Dwgc+bx+Bs6vuKJHHl5kox/BaKbhiXzqQOwK4cO22yElGp2OCmjwVhT3HmxgyPGnJfQ==",
            "dev": true,
            "optional": true,
            "peer": true
        },
        "node_modules/cannon": {
            "version": "0.6.2",
            "resolved": "https://registry.npmjs.org/cannon/-/cannon-0.6.2.tgz",
            "integrity": "sha512-n/7wWSXr8KOSvjad2x0fJHgpMepKjOKi+NdSnjfYyijoDBZnp4JQKgPcpv28jlXoWM+N9zVYU09J0A6Qxx+Y7w==",
            "engines": {
                "node": "*"
            }
        },
        "node_modules/commander": {
            "version": "2.20.3",
            "resolved": "https://registry.npmjs.org/commander/-/commander-2.20.3.tgz",
            "integrity": "sha512-GpVkmM8vF2vQUkj2LvZmD35JxeJOLCwJ9cUkugyk2nuhbv3+mJvpLYYt+0+USMxE+oj+ey/lJEnhZw75x/OMcQ==",
            "dev": true,
            "optional": true,
            "peer": true
        },
        "node_modules/es-module-loader": {
            "version": "2.3.0",
            "resolved": "https://registry.npmjs.org/es-module-loader/-/es-module-loader-2.3.0.tgz",
            "integrity": "sha512-iuw5FdVMYA5d7CWCpGL3NcmRD2kWLGTNUds+vdcRuDWjnEsird1K7pSD9PXmvOU/B8sb4by12/9MFZD2hwXdAQ==",
            "dev": true
        },
        "node_modules/esbuild": {
            "version": "0.21.5",
            "resolved": "https://registry.npmjs.org/esbuild/-/esbuild-0.21.5.tgz",
            "integrity": "sha512-mg3OPMV4hXywwpoDxu3Qda5xCKQi+vCTZq8S9J/EpkhB2HzKXq4SNFZE3+NK93JYxc8VMSep+lOUSC/RVKaBqw==",
            "hasInstallScript": true,
            "bin": {
                "esbuild": "bin/esbuild"
            },
            "engines": {
                "node": ">=12"
            },
            "optionalDependencies": {
                "@esbuild/aix-ppc64": "0.21.5",
                "@esbuild/android-arm": "0.21.5",
                "@esbuild/android-arm64": "0.21.5",
                "@esbuild/android-x64": "0.21.5",
                "@esbuild/darwin-arm64": "0.21.5",
                "@esbuild/darwin-x64": "0.21.5",
                "@esbuild/freebsd-arm64": "0.21.5",
                "@esbuild/freebsd-x64": "0.21.5",
                "@esbuild/linux-arm": "0.21.5",
                "@esbuild/linux-arm64": "0.21.5",
                "@esbuild/linux-ia32": "0.21.5",
                "@esbuild/linux-loong64": "0.21.5",
                "@esbuild/linux-mips64el": "0.21.5",
                "@esbuild/linux-ppc64": "0.21.5",
                "@esbuild/linux-riscv64": "0.21.5",
                "@esbuild/linux-s390x": "0.21.5",
                "@esbuild/linux-x64": "0.21.5",
                "@esbuild/netbsd-x64": "0.21.5",
                "@esbuild/openbsd-x64": "0.21.5",
                "@esbuild/sunos-x64": "0.21.5",
                "@esbuild/win32-arm64": "0.21.5",
                "@esbuild/win32-ia32": "0.21.5",
                "@esbuild/win32-x64": "0.21.5"
            }
        },
        "node_modules/fsevents": {
            "version": "2.3.3",
            "resolved": "https://registry.npmjs.org/fsevents/-/fsevents-2.3.3.tgz",
            "integrity": "sha512-5xoDfX+fL7faATnagmWPpbFtwh/R77WmMMqqHGS65C3vvB0YHrgF+B1YmZ3441tMj5n63k0212XNoJwzlhffQw==",
            "hasInstallScript": true,
            "optional": true,
            "os": [
                "darwin"
            ],
            "engines": {
                "node": "^8.16.0 || ^10.6.0 || >=11.0.0"
            }
        },
        "node_modules/i": {
            "version": "0.3.7",
            "resolved": "https://registry.npmjs.org/i/-/i-0.3.7.tgz",
            "integrity": "sha512-FYz4wlXgkQwIPqhzC5TdNMLSE5+GS1IIDJZY/1ZiEPCT2S3COUVZeT5OW4BmW4r5LHLQuOosSwsvnroG9GR59Q==",
            "engines": {
                "node": ">=0.4"
            }
        },
        "node_modules/jquery": {
            "version": "3.7.1",
            "resolved": "https://registry.npmjs.org/jquery/-/jquery-3.7.1.tgz",
            "integrity": "sha512-m4avr8yL8kmFN8psrbFFFmB/If14iN5o9nw/NgnnM+kybDJpRsAynV2BsfpTYrTRysYUdADVD7CkUUizgkpLfg=="
        },
        "node_modules/nanoid": {
            "version": "3.3.7",
            "resolved": "https://registry.npmjs.org/nanoid/-/nanoid-3.3.7.tgz",
            "integrity": "sha512-eSRppjcPIatRIMC1U6UngP8XFcz8MQWGQdt1MTBQ7NaAmvXDfvNxbvWV3x2y6CdEUciCSsDHDQZbhYaB8QEo2g==",
            "funding": [
                {
                    "type": "github",
                    "url": "https://github.com/sponsors/ai"
                }
            ],
            "bin": {
                "nanoid": "bin/nanoid.cjs"
            },
            "engines": {
                "node": "^10 || ^12 || ^13.7 || ^14 || >=15.0.1"
            }
        },
        "node_modules/picocolors": {
            "version": "1.0.1",
            "resolved": "https://registry.npmjs.org/picocolors/-/picocolors-1.0.1.tgz",
            "integrity": "sha512-anP1Z8qwhkbmu7MFP5iTt+wQKXgwzf7zTyGlcdzabySa9vd0Xt392U0rVmz9poOaBj0uHJKyyo9/upk0HrEQew=="
        },
        "node_modules/postcss": {
            "version": "8.4.41",
            "resolved": "https://registry.npmjs.org/postcss/-/postcss-8.4.41.tgz",
            "integrity": "sha512-TesUflQ0WKZqAvg52PWL6kHgLKP6xB6heTOdoYM0Wt2UHyxNa4K25EZZMgKns3BH1RLVbZCREPpLY0rhnNoHVQ==",
            "funding": [
                {
                    "type": "opencollective",
                    "url": "https://opencollective.com/postcss/"
                },
                {
                    "type": "tidelift",
                    "url": "https://tidelift.com/funding/github/npm/postcss"
                },
                {
                    "type": "github",
                    "url": "https://github.com/sponsors/ai"
                }
            ],
            "dependencies": {
                "nanoid": "^3.3.7",
                "picocolors": "^1.0.1",
                "source-map-js": "^1.2.0"
            },
            "engines": {
                "node": "^10 || ^12 || >=14"
            }
        },
        "node_modules/rollup": {
            "version": "4.20.0",
            "resolved": "https://registry.npmjs.org/rollup/-/rollup-4.20.0.tgz",
            "integrity": "sha512-6rbWBChcnSGzIlXeIdNIZTopKYad8ZG8ajhl78lGRLsI2rX8IkaotQhVas2Ma+GPxJav19wrSzvRvuiv0YKzWw==",
            "dependencies": {
                "@types/estree": "1.0.5"
            },
            "bin": {
                "rollup": "dist/bin/rollup"
            },
            "engines": {
                "node": ">=18.0.0",
                "npm": ">=8.0.0"
            },
            "optionalDependencies": {
                "@rollup/rollup-android-arm-eabi": "4.20.0",
                "@rollup/rollup-android-arm64": "4.20.0",
                "@rollup/rollup-darwin-arm64": "4.20.0",
                "@rollup/rollup-darwin-x64": "4.20.0",
                "@rollup/rollup-linux-arm-gnueabihf": "4.20.0",
                "@rollup/rollup-linux-arm-musleabihf": "4.20.0",
                "@rollup/rollup-linux-arm64-gnu": "4.20.0",
                "@rollup/rollup-linux-arm64-musl": "4.20.0",
                "@rollup/rollup-linux-powerpc64le-gnu": "4.20.0",
                "@rollup/rollup-linux-riscv64-gnu": "4.20.0",
                "@rollup/rollup-linux-s390x-gnu": "4.20.0",
                "@rollup/rollup-linux-x64-gnu": "4.20.0",
                "@rollup/rollup-linux-x64-musl": "4.20.0",
                "@rollup/rollup-win32-arm64-msvc": "4.20.0",
                "@rollup/rollup-win32-ia32-msvc": "4.20.0",
                "@rollup/rollup-win32-x64-msvc": "4.20.0",
                "fsevents": "~2.3.2"
            }
        },
        "node_modules/source-map": {
            "version": "0.6.1",
            "resolved": "https://registry.npmjs.org/source-map/-/source-map-0.6.1.tgz",
            "integrity": "sha512-UjgapumWlbMhkBgzT7Ykc5YXUT46F0iKu8SGXq0bcwP5dz/h0Plj6enJqjz1Zbq2l5WaqYnrVbwWOWMyF3F47g==",
            "dev": true,
            "optional": true,
            "peer": true,
            "engines": {
                "node": ">=0.10.0"
            }
        },
        "node_modules/source-map-js": {
            "version": "1.2.0",
            "resolved": "https://registry.npmjs.org/source-map-js/-/source-map-js-1.2.0.tgz",
            "integrity": "sha512-itJW8lvSA0TXEphiRoawsCksnlf8SyvmFzIhltqAHluXd88pkCd+cXJVHTDwdCr0IzwptSm035IHQktUu1QUMg==",
            "engines": {
                "node": ">=0.10.0"
            }
        },
        "node_modules/source-map-support": {
            "version": "0.5.21",
            "resolved": "https://registry.npmjs.org/source-map-support/-/source-map-support-0.5.21.tgz",
            "integrity": "sha512-uBHU3L3czsIyYXKX88fdrGovxdSCoTGDRZ6SYXtSRxLZUzHg5P/66Ht6uoUlHu9EZod+inXhKo3qQgwXUT/y1w==",
            "dev": true,
            "optional": true,
            "peer": true,
            "dependencies": {
                "buffer-from": "^1.0.0",
                "source-map": "^0.6.0"
            }
        },
        "node_modules/terser": {
            "version": "5.31.5",
            "resolved": "https://registry.npmjs.org/terser/-/terser-5.31.5.tgz",
            "integrity": "sha512-YPmas0L0rE1UyLL/llTWA0SiDOqIcAQYLeUj7cJYzXHlRTAnMSg9pPe4VJ5PlKvTrPQsdVFuiRiwyeNlYgwh2Q==",
            "dev": true,
            "optional": true,
            "peer": true,
            "dependencies": {
                "@jridgewell/source-map": "^0.3.3",
                "acorn": "^8.8.2",
                "commander": "^2.20.0",
                "source-map-support": "~0.5.20"
            },
            "bin": {
                "terser": "bin/terser"
            },
            "engines": {
                "node": ">=10"
            }
        },
        "node_modules/typescript": {
            "version": "5.5.4",
            "resolved": "https://registry.npmjs.org/typescript/-/typescript-5.5.4.tgz",
            "integrity": "sha512-Mtq29sKDAEYP7aljRgtPOpTvOfbwRWlS6dPRzwjdE+C0R4brX/GUyhHSecbHMFLNBLcJIPt9nl9yG5TZ1weH+Q==",
            "dev": true,
            "bin": {
                "tsc": "bin/tsc",
                "tsserver": "bin/tsserver"
            },
            "engines": {
                "node": ">=14.17"
            }
        },
        "node_modules/undici-types": {
            "version": "6.13.0",
            "resolved": "https://registry.npmjs.org/undici-types/-/undici-types-6.13.0.tgz",
            "integrity": "sha512-xtFJHudx8S2DSoujjMd1WeWvn7KKWFRESZTMeL1RptAYERu29D6jphMjjY+vn96jvN3kVPDNxU/E13VTaXj6jg==",
            "dev": true,
            "optional": true,
            "peer": true
        },
        "node_modules/vite": {
            "version": "5.4.0",
            "resolved": "https://registry.npmjs.org/vite/-/vite-5.4.0.tgz",
            "integrity": "sha512-5xokfMX0PIiwCMCMb9ZJcMyh5wbBun0zUzKib+L65vAZ8GY9ePZMXxFrHbr/Kyll2+LSCY7xtERPpxkBDKngwg==",
            "dev": true,
            "dependencies": {
                "esbuild": "^0.21.3",
                "postcss": "^8.4.40",
                "rollup": "^4.13.0"
            },
            "bin": {
                "vite": "bin/vite.js"
            },
            "engines": {
                "node": "^18.0.0 || >=20.0.0"
            },
            "funding": {
                "url": "https://github.com/vitejs/vite?sponsor=1"
            },
            "optionalDependencies": {
                "fsevents": "~2.3.3"
            },
            "peerDependencies": {
                "@types/node": "^18.0.0 || >=20.0.0",
                "less": "*",
                "lightningcss": "^1.21.0",
                "sass": "*",
                "sass-embedded": "*",
                "stylus": "*",
                "sugarss": "*",
                "terser": "^5.4.0"
            },
            "peerDependenciesMeta": {
                "@types/node": {
                    "optional": true
                },
                "less": {
                    "optional": true
                },
                "lightningcss": {
                    "optional": true
                },
                "sass": {
                    "optional": true
                },
                "sass-embedded": {
                    "optional": true
                },
                "stylus": {
                    "optional": true
                },
                "sugarss": {
                    "optional": true
                },
                "terser": {
                    "optional": true
                }
            }
        }
    }
}
